// !$*UTF8*$!
{
	archiveVersion = 1;
	classes = {
	};
	objectVersion = 77;
	objects = {

/* Begin PBXContainerItemProxy section */
		3ABDCFBA2CA98BFE00B84465 /* PBXContainerItemProxy */ = {
			isa = PBXContainerItemProxy;
			containerPortal = 3ABDCFA12CA98BFD00B84465 /* Project object */;
			proxyType = 1;
			remoteGlobalIDString = 3ABDCFA82CA98BFD00B84465;
			remoteInfo = SignCards;
		};
		3ABDCFC42CA98BFE00B84465 /* PBXContainerItemProxy */ = {
			isa = PBXContainerItemProxy;
			containerPortal = 3ABDCFA12CA98BFD00B84465 /* Project object */;
			proxyType = 1;
			remoteGlobalIDString = 3ABDCFA82CA98BFD00B84465;
			remoteInfo = SignCards;
		};
/* End PBXContainerItemProxy section */

/* Begin PBXFileReference section */
		3ABDCFA92CA98BFD00B84465 /* SignCards.app */ = {isa = PBXFileReference; explicitFileType = wrapper.application; includeInIndex = 0; path = SignCards.app; sourceTree = BUILT_PRODUCTS_DIR; };
		3ABDCFB92CA98BFE00B84465 /* SignCardsTests.xctest */ = {isa = PBXFileReference; explicitFileType = wrapper.cfbundle; includeInIndex = 0; path = SignCardsTests.xctest; sourceTree = BUILT_PRODUCTS_DIR; };
		3ABDCFC32CA98BFE00B84465 /* SignCardsUITests.xctest */ = {isa = PBXFileReference; explicitFileType = wrapper.cfbundle; includeInIndex = 0; path = SignCardsUITests.xctest; sourceTree = BUILT_PRODUCTS_DIR; };
/* End PBXFileReference section */

/* Begin PBXFileSystemSynchronizedRootGroup section */
		3ABDCFAB2CA98BFD00B84465 /* SignCards */ = {
			isa = PBXFileSystemSynchronizedRootGroup;
			path = SignCards;
			sourceTree = "<group>";
		};
		3ABDCFBC2CA98BFE00B84465 /* SignCardsTests */ = {
			isa = PBXFileSystemSynchronizedRootGroup;
			path = SignCardsTests;
			sourceTree = "<group>";
		};
		3ABDCFC62CA98BFE00B84465 /* SignCardsUITests */ = {
			isa = PBXFileSystemSynchronizedRootGroup;
			path = SignCardsUITests;
			sourceTree = "<group>";
		};
/* End PBXFileSystemSynchronizedRootGroup section */

/* Begin PBXFrameworksBuildPhase section */
		3ABDCFA62CA98BFD00B84465 /* Frameworks */ = {
			isa = PBXFrameworksBuildPhase;
			buildActionMask = 2147483647;
			files = (
			);
			runOnlyForDeploymentPostprocessing = 0;
		};
		3ABDCFB62CA98BFE00B84465 /* Frameworks */ = {
			isa = PBXFrameworksBuildPhase;
			buildActionMask = 2147483647;
			files = (
			);
			runOnlyForDeploymentPostprocessing = 0;
		};
		3ABDCFC02CA98BFE00B84465 /* Frameworks */ = {
			isa = PBXFrameworksBuildPhase;
			buildActionMask = 2147483647;
			files = (
			);
			runOnlyForDeploymentPostprocessing = 0;
		};
/* End PBXFrameworksBuildPhase section */

/* Begin PBXGroup section */
		3ABDCFA02CA98BFD00B84465 = {
			isa = PBXGroup;
			children = (
				3ABDCFAB2CA98BFD00B84465 /* SignCards */,
				3ABDCFBC2CA98BFE00B84465 /* SignCardsTests */,
				3ABDCFC62CA98BFE00B84465 /* SignCardsUITests */,
				3ABDCFAA2CA98BFD00B84465 /* Products */,
			);
			sourceTree = "<group>";
		};
		3ABDCFAA2CA98BFD00B84465 /* Products */ = {
			isa = PBXGroup;
			children = (
				3ABDCFA92CA98BFD00B84465 /* SignCards.app */,
				3ABDCFB92CA98BFE00B84465 /* SignCardsTests.xctest */,
				3ABDCFC32CA98BFE00B84465 /* SignCardsUITests.xctest */,
			);
			name = Products;
			sourceTree = "<group>";
		};
/* End PBXGroup section */

/* Begin PBXNativeTarget section */
		3ABDCFA82CA98BFD00B84465 /* SignCards */ = {
			isa = PBXNativeTarget;
			buildConfigurationList = 3ABDCFCD2CA98BFE00B84465 /* Build configuration list for PBXNativeTarget "SignCards" */;
			buildPhases = (
				3ABDCFA52CA98BFD00B84465 /* Sources */,
				3ABDCFA62CA98BFD00B84465 /* Frameworks */,
				3ABDCFA72CA98BFD00B84465 /* Resources */,
			);
			buildRules = (
			);
			dependencies = (
			);
			fileSystemSynchronizedGroups = (
				3ABDCFAB2CA98BFD00B84465 /* SignCards */,
			);
			name = SignCards;
			packageProductDependencies = (
			);
			productName = SignCards;
			productReference = 3ABDCFA92CA98BFD00B84465 /* SignCards.app */;
			productType = "com.apple.product-type.application";
		};
		3ABDCFB82CA98BFE00B84465 /* SignCardsTests */ = {
			isa = PBXNativeTarget;
			buildConfigurationList = 3ABDCFD02CA98BFE00B84465 /* Build configuration list for PBXNativeTarget "SignCardsTests" */;
			buildPhases = (
				3ABDCFB52CA98BFE00B84465 /* Sources */,
				3ABDCFB62CA98BFE00B84465 /* Frameworks */,
				3ABDCFB72CA98BFE00B84465 /* Resources */,
			);
			buildRules = (
			);
			dependencies = (
				3ABDCFBB2CA98BFE00B84465 /* PBXTargetDependency */,
			);
			fileSystemSynchronizedGroups = (
				3ABDCFBC2CA98BFE00B84465 /* SignCardsTests */,
			);
			name = SignCardsTests;
			packageProductDependencies = (
			);
			productName = SignCardsTests;
			productReference = 3ABDCFB92CA98BFE00B84465 /* SignCardsTests.xctest */;
			productType = "com.apple.product-type.bundle.unit-test";
		};
		3ABDCFC22CA98BFE00B84465 /* SignCardsUITests */ = {
			isa = PBXNativeTarget;
			buildConfigurationList = 3ABDCFD32CA98BFE00B84465 /* Build configuration list for PBXNativeTarget "SignCardsUITests" */;
			buildPhases = (
				3ABDCFBF2CA98BFE00B84465 /* Sources */,
				3ABDCFC02CA98BFE00B84465 /* Frameworks */,
				3ABDCFC12CA98BFE00B84465 /* Resources */,
			);
			buildRules = (
			);
			dependencies = (
				3ABDCFC52CA98BFE00B84465 /* PBXTargetDependency */,
			);
			fileSystemSynchronizedGroups = (
				3ABDCFC62CA98BFE00B84465 /* SignCardsUITests */,
			);
			name = SignCardsUITests;
			packageProductDependencies = (
			);
			productName = SignCardsUITests;
			productReference = 3ABDCFC32CA98BFE00B84465 /* SignCardsUITests.xctest */;
			productType = "com.apple.product-type.bundle.ui-testing";
		};
/* End PBXNativeTarget section */

/* Begin PBXProject section */
		3ABDCFA12CA98BFD00B84465 /* Project object */ = {
			isa = PBXProject;
			attributes = {
				BuildIndependentTargetsInParallel = 1;
				LastSwiftUpdateCheck = 1600;
				LastUpgradeCheck = 1600;
				TargetAttributes = {
					3ABDCFA82CA98BFD00B84465 = {
						CreatedOnToolsVersion = 16.0;
					};
					3ABDCFB82CA98BFE00B84465 = {
						CreatedOnToolsVersion = 16.0;
						TestTargetID = 3ABDCFA82CA98BFD00B84465;
					};
					3ABDCFC22CA98BFE00B84465 = {
						CreatedOnToolsVersion = 16.0;
						TestTargetID = 3ABDCFA82CA98BFD00B84465;
					};
				};
			};
			buildConfigurationList = 3ABDCFA42CA98BFD00B84465 /* Build configuration list for PBXProject "SignCards" */;
			developmentRegion = en;
			hasScannedForEncodings = 0;
			knownRegions = (
				en,
				Base,
			);
			mainGroup = 3ABDCFA02CA98BFD00B84465;
			minimizedProjectReferenceProxies = 1;
			preferredProjectObjectVersion = 77;
			productRefGroup = 3ABDCFAA2CA98BFD00B84465 /* Products */;
			projectDirPath = "";
			projectRoot = "";
			targets = (
				3ABDCFA82CA98BFD00B84465 /* SignCards */,
				3ABDCFB82CA98BFE00B84465 /* SignCardsTests */,
				3ABDCFC22CA98BFE00B84465 /* SignCardsUITests */,
			);
		};
/* End PBXProject section */

/* Begin PBXResourcesBuildPhase section */
		3ABDCFA72CA98BFD00B84465 /* Resources */ = {
			isa = PBXResourcesBuildPhase;
			buildActionMask = 2147483647;
			files = (
			);
			runOnlyForDeploymentPostprocessing = 0;
		};
		3ABDCFB72CA98BFE00B84465 /* Resources */ = {
			isa = PBXResourcesBuildPhase;
			buildActionMask = 2147483647;
			files = (
			);
			runOnlyForDeploymentPostprocessing = 0;
		};
		3ABDCFC12CA98BFE00B84465 /* Resources */ = {
			isa = PBXResourcesBuildPhase;
			buildActionMask = 2147483647;
			files = (
			);
			runOnlyForDeploymentPostprocessing = 0;
		};
/* End PBXResourcesBuildPhase section */

/* Begin PBXSourcesBuildPhase section */
		3ABDCFA52CA98BFD00B84465 /* Sources */ = {
			isa = PBXSourcesBuildPhase;
			buildActionMask = 2147483647;
			files = (
			);
			runOnlyForDeploymentPostprocessing = 0;
		};
		3ABDCFB52CA98BFE00B84465 /* Sources */ = {
			isa = PBXSourcesBuildPhase;
			buildActionMask = 2147483647;
			files = (
			);
			runOnlyForDeploymentPostprocessing = 0;
		};
		3ABDCFBF2CA98BFE00B84465 /* Sources */ = {
			isa = PBXSourcesBuildPhase;
			buildActionMask = 2147483647;
			files = (
			);
			runOnlyForDeploymentPostprocessing = 0;
		};
/* End PBXSourcesBuildPhase section */

/* Begin PBXTargetDependency section */
		3ABDCFBB2CA98BFE00B84465 /* PBXTargetDependency */ = {
			isa = PBXTargetDependency;
			target = 3ABDCFA82CA98BFD00B84465 /* SignCards */;
			targetProxy = 3ABDCFBA2CA98BFE00B84465 /* PBXContainerItemProxy */;
		};
		3ABDCFC52CA98BFE00B84465 /* PBXTargetDependency */ = {
			isa = PBXTargetDependency;
			target = 3ABDCFA82CA98BFD00B84465 /* SignCards */;
			targetProxy = 3ABDCFC42CA98BFE00B84465 /* PBXContainerItemProxy */;
		};
/* End PBXTargetDependency section */

/* Begin XCBuildConfiguration section */
		3ABDCFCB2CA98BFE00B84465 /* Debug */ = {
			isa = XCBuildConfiguration;
			buildSettings = {
				ALWAYS_SEARCH_USER_PATHS = NO;
				ASSETCATALOG_COMPILER_GENERATE_SWIFT_ASSET_SYMBOL_EXTENSIONS = YES;
				CLANG_ANALYZER_NONNULL = YES;
				CLANG_ANALYZER_NUMBER_OBJECT_CONVERSION = YES_AGGRESSIVE;
				CLANG_CXX_LANGUAGE_STANDARD = "gnu++20";
				CLANG_ENABLE_MODULES = YES;
				CLANG_ENABLE_OBJC_ARC = YES;
				CLANG_ENABLE_OBJC_WEAK = YES;
				CLANG_WARN_BLOCK_CAPTURE_AUTORELEASING = YES;
				CLANG_WARN_BOOL_CONVERSION = YES;
				CLANG_WARN_COMMA = YES;
				CLANG_WARN_CONSTANT_CONVERSION = YES;
				CLANG_WARN_DEPRECATED_OBJC_IMPLEMENTATIONS = YES;
				CLANG_WARN_DIRECT_OBJC_ISA_USAGE = YES_ERROR;
				CLANG_WARN_DOCUMENTATION_COMMENTS = YES;
				CLANG_WARN_EMPTY_BODY = YES;
				CLANG_WARN_ENUM_CONVERSION = YES;
				CLANG_WARN_INFINITE_RECURSION = YES;
				CLANG_WARN_INT_CONVERSION = YES;
				CLANG_WARN_NON_LITERAL_NULL_CONVERSION = YES;
				CLANG_WARN_OBJC_IMPLICIT_RETAIN_SELF = YES;
				CLANG_WARN_OBJC_LITERAL_CONVERSION = YES;
				CLANG_WARN_OBJC_ROOT_CLASS = YES_ERROR;
				CLANG_WARN_QUOTED_INCLUDE_IN_FRAMEWORK_HEADER = YES;
				CLANG_WARN_RANGE_LOOP_ANALYSIS = YES;
				CLANG_WARN_STRICT_PROTOTYPES = YES;
				CLANG_WARN_SUSPICIOUS_MOVE = YES;
				CLANG_WARN_UNGUARDED_AVAILABILITY = YES_AGGRESSIVE;
				CLANG_WARN_UNREACHABLE_CODE = YES;
				CLANG_WARN__DUPLICATE_METHOD_MATCH = YES;
				COPY_PHASE_STRIP = NO;
				DEBUG_INFORMATION_FORMAT = dwarf;
				ENABLE_STRICT_OBJC_MSGSEND = YES;
				ENABLE_TESTABILITY = YES;
				ENABLE_USER_SCRIPT_SANDBOXING = YES;
				GCC_C_LANGUAGE_STANDARD = gnu17;
				GCC_DYNAMIC_NO_PIC = NO;
				GCC_NO_COMMON_BLOCKS = YES;
				GCC_OPTIMIZATION_LEVEL = 0;
				GCC_PREPROCESSOR_DEFINITIONS = (
					"DEBUG=1",
					"$(inherited)",
				);
				GCC_WARN_64_TO_32_BIT_CONVERSION = YES;
				GCC_WARN_ABOUT_RETURN_TYPE = YES_ERROR;
				GCC_WARN_UNDECLARED_SELECTOR = YES;
				GCC_WARN_UNINITIALIZED_AUTOS = YES_AGGRESSIVE;
				GCC_WARN_UNUSED_FUNCTION = YES;
				GCC_WARN_UNUSED_VARIABLE = YES;
				IPHONEOS_DEPLOYMENT_TARGET = 18.0;
				LOCALIZATION_PREFERS_STRING_CATALOGS = YES;
				MTL_ENABLE_DEBUG_INFO = INCLUDE_SOURCE;
				MTL_FAST_MATH = YES;
				ONLY_ACTIVE_ARCH = YES;
				SDKROOT = iphoneos;
				SWIFT_ACTIVE_COMPILATION_CONDITIONS = "DEBUG $(inherited)";
				SWIFT_OPTIMIZATION_LEVEL = "-Onone";
			};
			name = Debug;
		};
		3ABDCFCC2CA98BFE00B84465 /* Release */ = {
			isa = XCBuildConfiguration;
			buildSettings = {
				ALWAYS_SEARCH_USER_PATHS = NO;
				ASSETCATALOG_COMPILER_GENERATE_SWIFT_ASSET_SYMBOL_EXTENSIONS = YES;
				CLANG_ANALYZER_NONNULL = YES;
				CLANG_ANALYZER_NUMBER_OBJECT_CONVERSION = YES_AGGRESSIVE;
				CLANG_CXX_LANGUAGE_STANDARD = "gnu++20";
				CLANG_ENABLE_MODULES = YES;
				CLANG_ENABLE_OBJC_ARC = YES;
				CLANG_ENABLE_OBJC_WEAK = YES;
				CLANG_WARN_BLOCK_CAPTURE_AUTORELEASING = YES;
				CLANG_WARN_BOOL_CONVERSION = YES;
				CLANG_WARN_COMMA = YES;
				CLANG_WARN_CONSTANT_CONVERSION = YES;
				CLANG_WARN_DEPRECATED_OBJC_IMPLEMENTATIONS = YES;
				CLANG_WARN_DIRECT_OBJC_ISA_USAGE = YES_ERROR;
				CLANG_WARN_DOCUMENTATION_COMMENTS = YES;
				CLANG_WARN_EMPTY_BODY = YES;
				CLANG_WARN_ENUM_CONVERSION = YES;
				CLANG_WARN_INFINITE_RECURSION = YES;
				CLANG_WARN_INT_CONVERSION = YES;
				CLANG_WARN_NON_LITERAL_NULL_CONVERSION = YES;
				CLANG_WARN_OBJC_IMPLICIT_RETAIN_SELF = YES;
				CLANG_WARN_OBJC_LITERAL_CONVERSION = YES;
				CLANG_WARN_OBJC_ROOT_CLASS = YES_ERROR;
				CLANG_WARN_QUOTED_INCLUDE_IN_FRAMEWORK_HEADER = YES;
				CLANG_WARN_RANGE_LOOP_ANALYSIS = YES;
				CLANG_WARN_STRICT_PROTOTYPES = YES;
				CLANG_WARN_SUSPICIOUS_MOVE = YES;
				CLANG_WARN_UNGUARDED_AVAILABILITY = YES_AGGRESSIVE;
				CLANG_WARN_UNREACHABLE_CODE = YES;
				CLANG_WARN__DUPLICATE_METHOD_MATCH = YES;
				COPY_PHASE_STRIP = NO;
				DEBUG_INFORMATION_FORMAT = "dwarf-with-dsym";
				ENABLE_NS_ASSERTIONS = NO;
				ENABLE_STRICT_OBJC_MSGSEND = YES;
				ENABLE_USER_SCRIPT_SANDBOXING = YES;
				GCC_C_LANGUAGE_STANDARD = gnu17;
				GCC_NO_COMMON_BLOCKS = YES;
				GCC_WARN_64_TO_32_BIT_CONVERSION = YES;
				GCC_WARN_ABOUT_RETURN_TYPE = YES_ERROR;
				GCC_WARN_UNDECLARED_SELECTOR = YES;
				GCC_WARN_UNINITIALIZED_AUTOS = YES_AGGRESSIVE;
				GCC_WARN_UNUSED_FUNCTION = YES;
				GCC_WARN_UNUSED_VARIABLE = YES;
				IPHONEOS_DEPLOYMENT_TARGET = 18.0;
				LOCALIZATION_PREFERS_STRING_CATALOGS = YES;
				MTL_ENABLE_DEBUG_INFO = NO;
				MTL_FAST_MATH = YES;
				SDKROOT = iphoneos;
				SWIFT_COMPILATION_MODE = wholemodule;
				VALIDATE_PRODUCT = YES;
			};
			name = Release;
		};
		3ABDCFCE2CA98BFE00B84465 /* Debug */ = {
			isa = XCBuildConfiguration;
			buildSettings = {
				ASSETCATALOG_COMPILER_APPICON_NAME = AppIcon;
				ASSETCATALOG_COMPILER_GLOBAL_ACCENT_COLOR_NAME = AccentColor;
				CODE_SIGN_STYLE = Automatic;
				CURRENT_PROJECT_VERSION = 1;
				DEVELOPMENT_ASSET_PATHS = "\"SignCards/Preview Content\"";
				ENABLE_PREVIEWS = YES;
				GENERATE_INFOPLIST_FILE = YES;
				INFOPLIST_KEY_UIApplicationSceneManifest_Generation = YES;
				INFOPLIST_KEY_UIApplicationSupportsIndirectInputEvents = YES;
				INFOPLIST_KEY_UILaunchScreen_Generation = YES;
				INFOPLIST_KEY_UISupportedInterfaceOrientations_iPad = "UIInterfaceOrientationPortrait UIInterfaceOrientationPortraitUpsideDown UIInterfaceOrientationLandscapeLeft UIInterfaceOrientationLandscapeRight";
				INFOPLIST_KEY_UISupportedInterfaceOrientations_iPhone = "UIInterfaceOrientationPortrait UIInterfaceOrientationLandscapeLeft UIInterfaceOrientationLandscapeRight";
				LD_RUNPATH_SEARCH_PATHS = (
					"$(inherited)",
					"@executable_path/Frameworks",
				);
				MARKETING_VERSION = 1.0;
				PRODUCT_BUNDLE_IDENTIFIER = PurpleTeam.SignCards;
				PRODUCT_NAME = "$(TARGET_NAME)";
				SWIFT_EMIT_LOC_STRINGS = YES;
				SWIFT_VERSION = 5.0;
				TARGETED_DEVICE_FAMILY = "1,2";
			};
			name = Debug;
		};
		3ABDCFCF2CA98BFE00B84465 /* Release */ = {
			isa = XCBuildConfiguration;
			buildSettings = {
				ASSETCATALOG_COMPILER_APPICON_NAME = AppIcon;
				ASSETCATALOG_COMPILER_GLOBAL_ACCENT_COLOR_NAME = AccentColor;
				CODE_SIGN_STYLE = Automatic;
				CURRENT_PROJECT_VERSION = 1;
				DEVELOPMENT_ASSET_PATHS = "\"SignCards/Preview Content\"";
				ENABLE_PREVIEWS = YES;
				GENERATE_INFOPLIST_FILE = YES;
				INFOPLIST_KEY_UIApplicationSceneManifest_Generation = YES;
				INFOPLIST_KEY_UIApplicationSupportsIndirectInputEvents = YES;
				INFOPLIST_KEY_UILaunchScreen_Generation = YES;
				INFOPLIST_KEY_UISupportedInterfaceOrientations_iPad = "UIInterfaceOrientationPortrait UIInterfaceOrientationPortraitUpsideDown UIInterfaceOrientationLandscapeLeft UIInterfaceOrientationLandscapeRight";
				INFOPLIST_KEY_UISupportedInterfaceOrientations_iPhone = "UIInterfaceOrientationPortrait UIInterfaceOrientationLandscapeLeft UIInterfaceOrientationLandscapeRight";
				LD_RUNPATH_SEARCH_PATHS = (
					"$(inherited)",
					"@executable_path/Frameworks",
				);
				MARKETING_VERSION = 1.0;
				PRODUCT_BUNDLE_IDENTIFIER = PurpleTeam.SignCards;
				PRODUCT_NAME = "$(TARGET_NAME)";
				SWIFT_EMIT_LOC_STRINGS = YES;
				SWIFT_VERSION = 5.0;
				TARGETED_DEVICE_FAMILY = "1,2";
			};
			name = Release;
		};
		3ABDCFD12CA98BFE00B84465 /* Debug */ = {
			isa = XCBuildConfiguration;
			buildSettings = {
				BUNDLE_LOADER = "$(TEST_HOST)";
				CODE_SIGN_STYLE = Automatic;
				CURRENT_PROJECT_VERSION = 1;
				GENERATE_INFOPLIST_FILE = YES;
				IPHONEOS_DEPLOYMENT_TARGET = 18.0;
				MARKETING_VERSION = 1.0;
				PRODUCT_BUNDLE_IDENTIFIER = PurpleTeam.SignCardsTests;
				PRODUCT_NAME = "$(TARGET_NAME)";
				SWIFT_EMIT_LOC_STRINGS = NO;
				SWIFT_VERSION = 5.0;
				TARGETED_DEVICE_FAMILY = "1,2";
				TEST_HOST = "$(BUILT_PRODUCTS_DIR)/SignCards.app/$(BUNDLE_EXECUTABLE_FOLDER_PATH)/SignCards";
			};
			name = Debug;
		};
		3ABDCFD22CA98BFE00B84465 /* Release */ = {
			isa = XCBuildConfiguration;
			buildSettings = {
				BUNDLE_LOADER = "$(TEST_HOST)";
				CODE_SIGN_STYLE = Automatic;
				CURRENT_PROJECT_VERSION = 1;
				GENERATE_INFOPLIST_FILE = YES;
				IPHONEOS_DEPLOYMENT_TARGET = 18.0;
				MARKETING_VERSION = 1.0;
				PRODUCT_BUNDLE_IDENTIFIER = PurpleTeam.SignCardsTests;
				PRODUCT_NAME = "$(TARGET_NAME)";
				SWIFT_EMIT_LOC_STRINGS = NO;
				SWIFT_VERSION = 5.0;
				TARGETED_DEVICE_FAMILY = "1,2";
				TEST_HOST = "$(BUILT_PRODUCTS_DIR)/SignCards.app/$(BUNDLE_EXECUTABLE_FOLDER_PATH)/SignCards";
			};
			name = Release;
		};
		3ABDCFD42CA98BFE00B84465 /* Debug */ = {
			isa = XCBuildConfiguration;
			buildSettings = {
				CODE_SIGN_STYLE = Automatic;
				CURRENT_PROJECT_VERSION = 1;
				GENERATE_INFOPLIST_FILE = YES;
				MARKETING_VERSION = 1.0;
				PRODUCT_BUNDLE_IDENTIFIER = PurpleTeam.SignCardsUITests;
				PRODUCT_NAME = "$(TARGET_NAME)";
				SWIFT_EMIT_LOC_STRINGS = NO;
				SWIFT_VERSION = 5.0;
				TARGETED_DEVICE_FAMILY = "1,2";
				TEST_TARGET_NAME = SignCards;
			};
			name = Debug;
		};
		3ABDCFD52CA98BFE00B84465 /* Release */ = {
			isa = XCBuildConfiguration;
			buildSettings = {
				CODE_SIGN_STYLE = Automatic;
				CURRENT_PROJECT_VERSION = 1;
				GENERATE_INFOPLIST_FILE = YES;
				MARKETING_VERSION = 1.0;
				PRODUCT_BUNDLE_IDENTIFIER = PurpleTeam.SignCardsUITests;
				PRODUCT_NAME = "$(TARGET_NAME)";
				SWIFT_EMIT_LOC_STRINGS = NO;
				SWIFT_VERSION = 5.0;
				TARGETED_DEVICE_FAMILY = "1,2";
				TEST_TARGET_NAME = SignCards;
			};
			name = Release;
		};
/* End XCBuildConfiguration section */

/* Begin XCConfigurationList section */
		3ABDCFA42CA98BFD00B84465 /* Build configuration list for PBXProject "SignCards" */ = {
			isa = XCConfigurationList;
			buildConfigurations = (
				3ABDCFCB2CA98BFE00B84465 /* Debug */,
				3ABDCFCC2CA98BFE00B84465 /* Release */,
			);
			defaultConfigurationIsVisible = 0;
			defaultConfigurationName = Release;
		};
		3ABDCFCD2CA98BFE00B84465 /* Build configuration list for PBXNativeTarget "SignCards" */ = {
			isa = XCConfigurationList;
			buildConfigurations = (
				3ABDCFCE2CA98BFE00B84465 /* Debug */,
				3ABDCFCF2CA98BFE00B84465 /* Release */,
			);
			defaultConfigurationIsVisible = 0;
			defaultConfigurationName = Release;
		};
		3ABDCFD02CA98BFE00B84465 /* Build configuration list for PBXNativeTarget "SignCardsTests" */ = {
			isa = XCConfigurationList;
			buildConfigurations = (
				3ABDCFD12CA98BFE00B84465 /* Debug */,
				3ABDCFD22CA98BFE00B84465 /* Release */,
			);
			defaultConfigurationIsVisible = 0;
			defaultConfigurationName = Release;
		};
		3ABDCFD32CA98BFE00B84465 /* Build configuration list for PBXNativeTarget "SignCardsUITests" */ = {
			isa = XCConfigurationList;
			buildConfigurations = (
				3ABDCFD42CA98BFE00B84465 /* Debug */,
				3ABDCFD52CA98BFE00B84465 /* Release */,
			);
			defaultConfigurationIsVisible = 0;
			defaultConfigurationName = Release;
		};
/* End XCConfigurationList section */
	};
	rootObject = 3ABDCFA12CA98BFD00B84465 /* Project object */;
}
